// !$*UTF8*$!
{
	archiveVersion = 1;
	classes = {
	};
	objectVersion = 55;
	objects = {

/* Begin PBXBuildFile section */
		84018F1627DFA5D20021F853 /* Buttons.swift in Sources */ = {isa = PBXBuildFile; fileRef = 84018F1527DFA5D20021F853 /* Buttons.swift */; };
		848D97A127DFEFE100DFCE56 /* SignUpView.swift in Sources */ = {isa = PBXBuildFile; fileRef = 848D97A027DFEFE100DFCE56 /* SignUpView.swift */; };
		849592EE27F2118A00A89494 /* Cards.swift in Sources */ = {isa = PBXBuildFile; fileRef = 849592ED27F2118A00A89494 /* Cards.swift */; };
		8497E45F27DEBD1600D8FA58 /* LogInView.swift in Sources */ = {isa = PBXBuildFile; fileRef = 8497E45E27DEBD1600D8FA58 /* LogInView.swift */; };
		849D2329281EF827002F69F8 /* GameView.swift in Sources */ = {isa = PBXBuildFile; fileRef = 849D2328281EF827002F69F8 /* GameView.swift */; };
		849F801D28241B0F008E3301 /* SearchGame.swift in Sources */ = {isa = PBXBuildFile; fileRef = 849F801C28241B0F008E3301 /* SearchGame.swift */; };
		84A74D4128255174001D8771 /* FavoritesView.swift in Sources */ = {isa = PBXBuildFile; fileRef = 84A74D4028255174001D8771 /* FavoritesView.swift */; };
		84A74D45282557F3001D8771 /* Color.swift in Sources */ = {isa = PBXBuildFile; fileRef = 84A74D44282557F3001D8771 /* Color.swift */; };
		84AB526D27F66BF4004B54AB /* Model.swift in Sources */ = {isa = PBXBuildFile; fileRef = 84AB526C27F66BF4004B54AB /* Model.swift */; };
		84AB526F27F66F48004B54AB /* ViewModel.swift in Sources */ = {isa = PBXBuildFile; fileRef = 84AB526E27F66F48004B54AB /* ViewModel.swift */; };
		84C4E88127E17000004AB9D5 /* HomeView.swift in Sources */ = {isa = PBXBuildFile; fileRef = 84C4E88027E17000004AB9D5 /* HomeView.swift */; };
		84DA3D8D27DFAEC3004322E1 /* TextAndPasswordInput.swift in Sources */ = {isa = PBXBuildFile; fileRef = 84DA3D8C27DFAEC3004322E1 /* TextAndPasswordInput.swift */; };
		84E8018927DA68A4003A7475 /* GamingAppApp.swift in Sources */ = {isa = PBXBuildFile; fileRef = 84E8018827DA68A4003A7475 /* GamingAppApp.swift */; };
		84E8018B27DA68A4003A7475 /* ContentView.swift in Sources */ = {isa = PBXBuildFile; fileRef = 84E8018A27DA68A4003A7475 /* ContentView.swift */; };
		84E8018D27DA68A5003A7475 /* Assets.xcassets in Resources */ = {isa = PBXBuildFile; fileRef = 84E8018C27DA68A5003A7475 /* Assets.xcassets */; };
		84E8019027DA68A5003A7475 /* Preview Assets.xcassets in Resources */ = {isa = PBXBuildFile; fileRef = 84E8018F27DA68A5003A7475 /* Preview Assets.xcassets */; };
		84FFB4A627FF2F170061E69E /* GamesView.swift in Sources */ = {isa = PBXBuildFile; fileRef = 84FFB4A527FF2F170061E69E /* GamesView.swift */; };
		B916664B282BF8940042F7DA /* ProfileView.swift in Sources */ = {isa = PBXBuildFile; fileRef = B916664A282BF8940042F7DA /* ProfileView.swift */; };
		B926E8EB2833154800BC74EA /* saveData.swift in Sources */ = {isa = PBXBuildFile; fileRef = B926E8EA2833154800BC74EA /* saveData.swift */; };
		B9A1E80A283C05E70069BD90 /* PhotoPicker.swift in Sources */ = {isa = PBXBuildFile; fileRef = B9A1E809283C05E70069BD90 /* PhotoPicker.swift */; };
		B9C48E1F282C088000A9D7E1 /* EditProfileView.swift in Sources */ = {isa = PBXBuildFile; fileRef = B9C48E1E282C088000A9D7E1 /* EditProfileView.swift */; };
/* End PBXBuildFile section */

/* Begin PBXFileReference section */
		84018F1527DFA5D20021F853 /* Buttons.swift */ = {isa = PBXFileReference; lastKnownFileType = sourcecode.swift; path = Buttons.swift; sourceTree = "<group>"; };
		848D97A027DFEFE100DFCE56 /* SignUpView.swift */ = {isa = PBXFileReference; lastKnownFileType = sourcecode.swift; path = SignUpView.swift; sourceTree = "<group>"; };
		849592ED27F2118A00A89494 /* Cards.swift */ = {isa = PBXFileReference; lastKnownFileType = sourcecode.swift; path = Cards.swift; sourceTree = "<group>"; };
		8497E45E27DEBD1600D8FA58 /* LogInView.swift */ = {isa = PBXFileReference; lastKnownFileType = sourcecode.swift; path = LogInView.swift; sourceTree = "<group>"; };
		849D2328281EF827002F69F8 /* GameView.swift */ = {isa = PBXFileReference; lastKnownFileType = sourcecode.swift; path = GameView.swift; sourceTree = "<group>"; };
		849F801C28241B0F008E3301 /* SearchGame.swift */ = {isa = PBXFileReference; lastKnownFileType = sourcecode.swift; path = SearchGame.swift; sourceTree = "<group>"; };
		84A74D4028255174001D8771 /* FavoritesView.swift */ = {isa = PBXFileReference; lastKnownFileType = sourcecode.swift; path = FavoritesView.swift; sourceTree = "<group>"; };
		84A74D4228255355001D8771 /* Info.plist */ = {isa = PBXFileReference; lastKnownFileType = text.plist; path = Info.plist; sourceTree = "<group>"; };
		84A74D44282557F3001D8771 /* Color.swift */ = {isa = PBXFileReference; lastKnownFileType = sourcecode.swift; path = Color.swift; sourceTree = "<group>"; };
		84AB526C27F66BF4004B54AB /* Model.swift */ = {isa = PBXFileReference; lastKnownFileType = sourcecode.swift; path = Model.swift; sourceTree = "<group>"; };
		84AB526E27F66F48004B54AB /* ViewModel.swift */ = {isa = PBXFileReference; lastKnownFileType = sourcecode.swift; path = ViewModel.swift; sourceTree = "<group>"; };
		84C4E88027E17000004AB9D5 /* HomeView.swift */ = {isa = PBXFileReference; lastKnownFileType = sourcecode.swift; path = HomeView.swift; sourceTree = "<group>"; };
		84DA3D8C27DFAEC3004322E1 /* TextAndPasswordInput.swift */ = {isa = PBXFileReference; lastKnownFileType = sourcecode.swift; path = TextAndPasswordInput.swift; sourceTree = "<group>"; };
		84E8018527DA68A4003A7475 /* GamingApp.app */ = {isa = PBXFileReference; explicitFileType = wrapper.application; includeInIndex = 0; path = GamingApp.app; sourceTree = BUILT_PRODUCTS_DIR; };
		84E8018827DA68A4003A7475 /* GamingAppApp.swift */ = {isa = PBXFileReference; lastKnownFileType = sourcecode.swift; path = GamingAppApp.swift; sourceTree = "<group>"; };
		84E8018A27DA68A4003A7475 /* ContentView.swift */ = {isa = PBXFileReference; lastKnownFileType = sourcecode.swift; path = ContentView.swift; sourceTree = "<group>"; };
		84E8018C27DA68A5003A7475 /* Assets.xcassets */ = {isa = PBXFileReference; lastKnownFileType = folder.assetcatalog; path = Assets.xcassets; sourceTree = "<group>"; };
		84E8018F27DA68A5003A7475 /* Preview Assets.xcassets */ = {isa = PBXFileReference; lastKnownFileType = folder.assetcatalog; path = "Preview Assets.xcassets"; sourceTree = "<group>"; };
		84FFB4A527FF2F170061E69E /* GamesView.swift */ = {isa = PBXFileReference; lastKnownFileType = sourcecode.swift; path = GamesView.swift; sourceTree = "<group>"; };
		B916664A282BF8940042F7DA /* ProfileView.swift */ = {isa = PBXFileReference; lastKnownFileType = sourcecode.swift; path = ProfileView.swift; sourceTree = "<group>"; };
		B926E8EA2833154800BC74EA /* saveData.swift */ = {isa = PBXFileReference; lastKnownFileType = sourcecode.swift; path = saveData.swift; sourceTree = "<group>"; };
		B9A1E809283C05E70069BD90 /* PhotoPicker.swift */ = {isa = PBXFileReference; lastKnownFileType = sourcecode.swift; path = PhotoPicker.swift; sourceTree = "<group>"; };
		B9C48E1E282C088000A9D7E1 /* EditProfileView.swift */ = {isa = PBXFileReference; lastKnownFileType = sourcecode.swift; path = EditProfileView.swift; sourceTree = "<group>"; };
/* End PBXFileReference section */

/* Begin PBXFrameworksBuildPhase section */
		84E8018227DA68A4003A7475 /* Frameworks */ = {
			isa = PBXFrameworksBuildPhase;
			buildActionMask = 2147483647;
			files = (
			);
			runOnlyForDeploymentPostprocessing = 0;
		};
/* End PBXFrameworksBuildPhase section */

/* Begin PBXGroup section */
		84A74D43282557B8001D8771 /* Extensions */ = {
			isa = PBXGroup;
			children = (
				84A74D44282557F3001D8771 /* Color.swift */,
			);
			path = Extensions;
			sourceTree = "<group>";
		};
		84D06FF827F5425E00BBD38F /* Models */ = {
			isa = PBXGroup;
			children = (
				84AB526C27F66BF4004B54AB /* Model.swift */,
				B926E8EA2833154800BC74EA /* saveData.swift */,
			);
			path = Models;
			sourceTree = "<group>";
		};
		84D06FF927F5427400BBD38F /* Views */ = {
			isa = PBXGroup;
			children = (
				84E8018A27DA68A4003A7475 /* ContentView.swift */,
				84D06FFB27F542BD00BBD38F /* LogInSignUpViews */,
				84C4E88027E17000004AB9D5 /* HomeView.swift */,
				84FFB4A527FF2F170061E69E /* GamesView.swift */,
				849D2328281EF827002F69F8 /* GameView.swift */,
				84A74D4028255174001D8771 /* FavoritesView.swift */,
				B916664A282BF8940042F7DA /* ProfileView.swift */,
				B9C48E1E282C088000A9D7E1 /* EditProfileView.swift */,
				B9A1E809283C05E70069BD90 /* PhotoPicker.swift */,
			);
			path = Views;
			sourceTree = "<group>";
		};
		84D06FFA27F5427B00BBD38F /* ViewModels */ = {
			isa = PBXGroup;
			children = (
				849F801C28241B0F008E3301 /* SearchGame.swift */,
				84AB526E27F66F48004B54AB /* ViewModel.swift */,
			);
			path = ViewModels;
			sourceTree = "<group>";
		};
		84D06FFB27F542BD00BBD38F /* LogInSignUpViews */ = {
			isa = PBXGroup;
			children = (
				8497E45E27DEBD1600D8FA58 /* LogInView.swift */,
				848D97A027DFEFE100DFCE56 /* SignUpView.swift */,
			);
			path = LogInSignUpViews;
			sourceTree = "<group>";
		};
		84D06FFC27F542F400BBD38F /* ViewItems */ = {
			isa = PBXGroup;
			children = (
				849592ED27F2118A00A89494 /* Cards.swift */,
				84018F1527DFA5D20021F853 /* Buttons.swift */,
				84DA3D8C27DFAEC3004322E1 /* TextAndPasswordInput.swift */,
			);
			path = ViewItems;
			sourceTree = "<group>";
		};
		84E8017C27DA68A4003A7475 = {
			isa = PBXGroup;
			children = (
				84E8018727DA68A4003A7475 /* GamingApp */,
				84E8018627DA68A4003A7475 /* Products */,
			);
			sourceTree = "<group>";
		};
		84E8018627DA68A4003A7475 /* Products */ = {
			isa = PBXGroup;
			children = (
				84E8018527DA68A4003A7475 /* GamingApp.app */,
			);
			name = Products;
			sourceTree = "<group>";
		};
		84E8018727DA68A4003A7475 /* GamingApp */ = {
			isa = PBXGroup;
			children = (
				84A74D4228255355001D8771 /* Info.plist */,
				84E8018827DA68A4003A7475 /* GamingAppApp.swift */,
				84E8018C27DA68A5003A7475 /* Assets.xcassets */,
				84D06FF827F5425E00BBD38F /* Models */,
				84D06FF927F5427400BBD38F /* Views */,
				84A74D43282557B8001D8771 /* Extensions */,
				84D06FFA27F5427B00BBD38F /* ViewModels */,
				84D06FFC27F542F400BBD38F /* ViewItems */,
				84E8018E27DA68A5003A7475 /* Preview Content */,
			);
			path = GamingApp;
			sourceTree = "<group>";
		};
		84E8018E27DA68A5003A7475 /* Preview Content */ = {
			isa = PBXGroup;
			children = (
				84E8018F27DA68A5003A7475 /* Preview Assets.xcassets */,
			);
			path = "Preview Content";
			sourceTree = "<group>";
		};
/* End PBXGroup section */

/* Begin PBXNativeTarget section */
		84E8018427DA68A4003A7475 /* GamingApp */ = {
			isa = PBXNativeTarget;
			buildConfigurationList = 84E8019327DA68A5003A7475 /* Build configuration list for PBXNativeTarget "GamingApp" */;
			buildPhases = (
				84E8018127DA68A4003A7475 /* Sources */,
				84E8018227DA68A4003A7475 /* Frameworks */,
				84E8018327DA68A4003A7475 /* Resources */,
				8492D0EF27DAD45000B5FAD2 /* Run SwiftLint Script */,
			);
			buildRules = (
			);
			dependencies = (
			);
			name = GamingApp;
			productName = GamingApp;
			productReference = 84E8018527DA68A4003A7475 /* GamingApp.app */;
			productType = "com.apple.product-type.application";
		};
/* End PBXNativeTarget section */

/* Begin PBXProject section */
		84E8017D27DA68A4003A7475 /* Project object */ = {
			isa = PBXProject;
			attributes = {
				BuildIndependentTargetsInParallel = 1;
				LastSwiftUpdateCheck = 1320;
				LastUpgradeCheck = 1320;
				TargetAttributes = {
					84E8018427DA68A4003A7475 = {
						CreatedOnToolsVersion = 13.2.1;
					};
				};
			};
			buildConfigurationList = 84E8018027DA68A4003A7475 /* Build configuration list for PBXProject "GamingApp" */;
			compatibilityVersion = "Xcode 13.0";
			developmentRegion = en;
			hasScannedForEncodings = 0;
			knownRegions = (
				en,
				Base,
			);
			mainGroup = 84E8017C27DA68A4003A7475;
			productRefGroup = 84E8018627DA68A4003A7475 /* Products */;
			projectDirPath = "";
			projectRoot = "";
			targets = (
				84E8018427DA68A4003A7475 /* GamingApp */,
			);
		};
/* End PBXProject section */

/* Begin PBXResourcesBuildPhase section */
		84E8018327DA68A4003A7475 /* Resources */ = {
			isa = PBXResourcesBuildPhase;
			buildActionMask = 2147483647;
			files = (
				84E8019027DA68A5003A7475 /* Preview Assets.xcassets in Resources */,
				84E8018D27DA68A5003A7475 /* Assets.xcassets in Resources */,
			);
			runOnlyForDeploymentPostprocessing = 0;
		};
/* End PBXResourcesBuildPhase section */

/* Begin PBXShellScriptBuildPhase section */
		8492D0EF27DAD45000B5FAD2 /* Run SwiftLint Script */ = {
			isa = PBXShellScriptBuildPhase;
			buildActionMask = 2147483647;
			files = (
			);
			inputFileListPaths = (
			);
			inputPaths = (
			);
			name = "Run SwiftLint Script";
			outputFileListPaths = (
			);
			outputPaths = (
			);
			runOnlyForDeploymentPostprocessing = 0;
			shellPath = /bin/sh;
			shellScript = "export PATH=\"$PATH:/opt/homebrew/bin\"\n\nif which swiftlint >/dev/null; then\n  swiftlint\nelse\n  echo \"warning: SwiftLint not installed, download from https://github.com/realm/SwiftLint\"\nfi\n\n";
		};
/* End PBXShellScriptBuildPhase section */

/* Begin PBXSourcesBuildPhase section */
		84E8018127DA68A4003A7475 /* Sources */ = {
			isa = PBXSourcesBuildPhase;
			buildActionMask = 2147483647;
			files = (
				8497E45F27DEBD1600D8FA58 /* LogInView.swift in Sources */,
				B9C48E1F282C088000A9D7E1 /* EditProfileView.swift in Sources */,
				84C4E88127E17000004AB9D5 /* HomeView.swift in Sources */,
				84DA3D8D27DFAEC3004322E1 /* TextAndPasswordInput.swift in Sources */,
				B926E8EB2833154800BC74EA /* saveData.swift in Sources */,
				84AB526F27F66F48004B54AB /* ViewModel.swift in Sources */,
				84A74D4128255174001D8771 /* FavoritesView.swift in Sources */,
				849592EE27F2118A00A89494 /* Cards.swift in Sources */,
				84E8018B27DA68A4003A7475 /* ContentView.swift in Sources */,
				84FFB4A627FF2F170061E69E /* GamesView.swift in Sources */,
				B916664B282BF8940042F7DA /* ProfileView.swift in Sources */,
				84A74D45282557F3001D8771 /* Color.swift in Sources */,
				849F801D28241B0F008E3301 /* SearchGame.swift in Sources */,
				B9A1E80A283C05E70069BD90 /* PhotoPicker.swift in Sources */,
				84AB526D27F66BF4004B54AB /* Model.swift in Sources */,
				84E8018927DA68A4003A7475 /* GamingAppApp.swift in Sources */,
				848D97A127DFEFE100DFCE56 /* SignUpView.swift in Sources */,
				849D2329281EF827002F69F8 /* GameView.swift in Sources */,
				84018F1627DFA5D20021F853 /* Buttons.swift in Sources */,
			);
			runOnlyForDeploymentPostprocessing = 0;
		};
/* End PBXSourcesBuildPhase section */

/* Begin XCBuildConfiguration section */
		84E8019127DA68A5003A7475 /* Debug */ = {
			isa = XCBuildConfiguration;
			buildSettings = {
				ALWAYS_SEARCH_USER_PATHS = NO;
				CLANG_ANALYZER_NONNULL = YES;
				CLANG_ANALYZER_NUMBER_OBJECT_CONVERSION = YES_AGGRESSIVE;
				CLANG_CXX_LANGUAGE_STANDARD = "gnu++17";
				CLANG_CXX_LIBRARY = "libc++";
				CLANG_ENABLE_MODULES = YES;
				CLANG_ENABLE_OBJC_ARC = YES;
				CLANG_ENABLE_OBJC_WEAK = YES;
				CLANG_WARN_BLOCK_CAPTURE_AUTORELEASING = YES;
				CLANG_WARN_BOOL_CONVERSION = YES;
				CLANG_WARN_COMMA = YES;
				CLANG_WARN_CONSTANT_CONVERSION = YES;
				CLANG_WARN_DEPRECATED_OBJC_IMPLEMENTATIONS = YES;
				CLANG_WARN_DIRECT_OBJC_ISA_USAGE = YES_ERROR;
				CLANG_WARN_DOCUMENTATION_COMMENTS = YES;
				CLANG_WARN_EMPTY_BODY = YES;
				CLANG_WARN_ENUM_CONVERSION = YES;
				CLANG_WARN_INFINITE_RECURSION = YES;
				CLANG_WARN_INT_CONVERSION = YES;
				CLANG_WARN_NON_LITERAL_NULL_CONVERSION = YES;
				CLANG_WARN_OBJC_IMPLICIT_RETAIN_SELF = YES;
				CLANG_WARN_OBJC_LITERAL_CONVERSION = YES;
				CLANG_WARN_OBJC_ROOT_CLASS = YES_ERROR;
				CLANG_WARN_QUOTED_INCLUDE_IN_FRAMEWORK_HEADER = YES;
				CLANG_WARN_RANGE_LOOP_ANALYSIS = YES;
				CLANG_WARN_STRICT_PROTOTYPES = YES;
				CLANG_WARN_SUSPICIOUS_MOVE = YES;
				CLANG_WARN_UNGUARDED_AVAILABILITY = YES_AGGRESSIVE;
				CLANG_WARN_UNREACHABLE_CODE = YES;
				CLANG_WARN__DUPLICATE_METHOD_MATCH = YES;
				COPY_PHASE_STRIP = NO;
				DEBUG_INFORMATION_FORMAT = dwarf;
				ENABLE_STRICT_OBJC_MSGSEND = YES;
				ENABLE_TESTABILITY = YES;
				GCC_C_LANGUAGE_STANDARD = gnu11;
				GCC_DYNAMIC_NO_PIC = NO;
				GCC_NO_COMMON_BLOCKS = YES;
				GCC_OPTIMIZATION_LEVEL = 0;
				GCC_PREPROCESSOR_DEFINITIONS = (
					"DEBUG=1",
					"$(inherited)",
				);
				GCC_WARN_64_TO_32_BIT_CONVERSION = YES;
				GCC_WARN_ABOUT_RETURN_TYPE = YES_ERROR;
				GCC_WARN_UNDECLARED_SELECTOR = YES;
				GCC_WARN_UNINITIALIZED_AUTOS = YES_AGGRESSIVE;
				GCC_WARN_UNUSED_FUNCTION = YES;
				GCC_WARN_UNUSED_VARIABLE = YES;
				IPHONEOS_DEPLOYMENT_TARGET = 15.4;
				MTL_ENABLE_DEBUG_INFO = INCLUDE_SOURCE;
				MTL_FAST_MATH = YES;
				ONLY_ACTIVE_ARCH = YES;
				SDKROOT = iphoneos;
				SWIFT_ACTIVE_COMPILATION_CONDITIONS = DEBUG;
				SWIFT_OPTIMIZATION_LEVEL = "-Onone";
			};
			name = Debug;
		};
		84E8019227DA68A5003A7475 /* Release */ = {
			isa = XCBuildConfiguration;
			buildSettings = {
				ALWAYS_SEARCH_USER_PATHS = NO;
				CLANG_ANALYZER_NONNULL = YES;
				CLANG_ANALYZER_NUMBER_OBJECT_CONVERSION = YES_AGGRESSIVE;
				CLANG_CXX_LANGUAGE_STANDARD = "gnu++17";
				CLANG_CXX_LIBRARY = "libc++";
				CLANG_ENABLE_MODULES = YES;
				CLANG_ENABLE_OBJC_ARC = YES;
				CLANG_ENABLE_OBJC_WEAK = YES;
				CLANG_WARN_BLOCK_CAPTURE_AUTORELEASING = YES;
				CLANG_WARN_BOOL_CONVERSION = YES;
				CLANG_WARN_COMMA = YES;
				CLANG_WARN_CONSTANT_CONVERSION = YES;
				CLANG_WARN_DEPRECATED_OBJC_IMPLEMENTATIONS = YES;
				CLANG_WARN_DIRECT_OBJC_ISA_USAGE = YES_ERROR;
				CLANG_WARN_DOCUMENTATION_COMMENTS = YES;
				CLANG_WARN_EMPTY_BODY = YES;
				CLANG_WARN_ENUM_CONVERSION = YES;
				CLANG_WARN_INFINITE_RECURSION = YES;
				CLANG_WARN_INT_CONVERSION = YES;
				CLANG_WARN_NON_LITERAL_NULL_CONVERSION = YES;
				CLANG_WARN_OBJC_IMPLICIT_RETAIN_SELF = YES;
				CLANG_WARN_OBJC_LITERAL_CONVERSION = YES;
				CLANG_WARN_OBJC_ROOT_CLASS = YES_ERROR;
				CLANG_WARN_QUOTED_INCLUDE_IN_FRAMEWORK_HEADER = YES;
				CLANG_WARN_RANGE_LOOP_ANALYSIS = YES;
				CLANG_WARN_STRICT_PROTOTYPES = YES;
				CLANG_WARN_SUSPICIOUS_MOVE = YES;
				CLANG_WARN_UNGUARDED_AVAILABILITY = YES_AGGRESSIVE;
				CLANG_WARN_UNREACHABLE_CODE = YES;
				CLANG_WARN__DUPLICATE_METHOD_MATCH = YES;
				COPY_PHASE_STRIP = NO;
				DEBUG_INFORMATION_FORMAT = "dwarf-with-dsym";
				ENABLE_NS_ASSERTIONS = NO;
				ENABLE_STRICT_OBJC_MSGSEND = YES;
				GCC_C_LANGUAGE_STANDARD = gnu11;
				GCC_NO_COMMON_BLOCKS = YES;
				GCC_WARN_64_TO_32_BIT_CONVERSION = YES;
				GCC_WARN_ABOUT_RETURN_TYPE = YES_ERROR;
				GCC_WARN_UNDECLARED_SELECTOR = YES;
				GCC_WARN_UNINITIALIZED_AUTOS = YES_AGGRESSIVE;
				GCC_WARN_UNUSED_FUNCTION = YES;
				GCC_WARN_UNUSED_VARIABLE = YES;
				IPHONEOS_DEPLOYMENT_TARGET = 15.4;
				MTL_ENABLE_DEBUG_INFO = NO;
				MTL_FAST_MATH = YES;
				SDKROOT = iphoneos;
				SWIFT_COMPILATION_MODE = wholemodule;
				SWIFT_OPTIMIZATION_LEVEL = "-O";
				VALIDATE_PRODUCT = YES;
			};
			name = Release;
		};
		84E8019427DA68A5003A7475 /* Debug */ = {
			isa = XCBuildConfiguration;
			buildSettings = {
				ASSETCATALOG_COMPILER_APPICON_NAME = AppIcon;
				ASSETCATALOG_COMPILER_GLOBAL_ACCENT_COLOR_NAME = AccentColor;
				CODE_SIGN_STYLE = Automatic;
				CURRENT_PROJECT_VERSION = 1;
				DEVELOPMENT_ASSET_PATHS = "\"GamingApp/Preview Content\"";
				DEVELOPMENT_TEAM = TX3WAVR9MU;
				ENABLE_PREVIEWS = YES;
				GENERATE_INFOPLIST_FILE = YES;
				INFOPLIST_FILE = GamingApp/Info.plist;
				INFOPLIST_KEY_CFBundleDisplayName = "Game Stream";
				INFOPLIST_KEY_UIApplicationSceneManifest_Generation = YES;
				INFOPLIST_KEY_UIApplicationSupportsIndirectInputEvents = YES;
				INFOPLIST_KEY_UILaunchScreen_Generation = YES;
				INFOPLIST_KEY_UISupportedInterfaceOrientations = UIInterfaceOrientationPortrait;
				INFOPLIST_KEY_UISupportedInterfaceOrientations_iPad = "UIInterfaceOrientationPortrait UIInterfaceOrientationPortraitUpsideDown UIInterfaceOrientationLandscapeLeft UIInterfaceOrientationLandscapeRight";
				INFOPLIST_KEY_UISupportedInterfaceOrientations_iPhone = "UIInterfaceOrientationPortrait UIInterfaceOrientationLandscapeLeft UIInterfaceOrientationLandscapeRight";
				LD_RUNPATH_SEARCH_PATHS = (
					"$(inherited)",
					"@executable_path/Frameworks",
				);
				MARKETING_VERSION = 1.0;
				PRODUCT_BUNDLE_IDENTIFIER = com.Luiggy102.GamingApp;
				PRODUCT_NAME = "$(TARGET_NAME)";
				SWIFT_EMIT_LOC_STRINGS = YES;
				SWIFT_VERSION = 5.0;
				TARGETED_DEVICE_FAMILY = 1;
			};
			name = Debug;
		};
		84E8019527DA68A5003A7475 /* Release */ = {
			isa = XCBuildConfiguration;
			buildSettings = {
				ASSETCATALOG_COMPILER_APPICON_NAME = AppIcon;
				ASSETCATALOG_COMPILER_GLOBAL_ACCENT_COLOR_NAME = AccentColor;
				CODE_SIGN_STYLE = Automatic;
				CURRENT_PROJECT_VERSION = 1;
				DEVELOPMENT_ASSET_PATHS = "\"GamingApp/Preview Content\"";
				DEVELOPMENT_TEAM = TX3WAVR9MU;
				ENABLE_PREVIEWS = YES;
				GENERATE_INFOPLIST_FILE = YES;
				INFOPLIST_FILE = GamingApp/Info.plist;
				INFOPLIST_KEY_CFBundleDisplayName = "Game Stream";
				INFOPLIST_KEY_UIApplicationSceneManifest_Generation = YES;
				INFOPLIST_KEY_UIApplicationSupportsIndirectInputEvents = YES;
				INFOPLIST_KEY_UILaunchScreen_Generation = YES;
				INFOPLIST_KEY_UISupportedInterfaceOrientations = UIInterfaceOrientationPortrait;
				INFOPLIST_KEY_UISupportedInterfaceOrientations_iPad = "UIInterfaceOrientationPortrait UIInterfaceOrientationPortraitUpsideDown UIInterfaceOrientationLandscapeLeft UIInterfaceOrientationLandscapeRight";
				INFOPLIST_KEY_UISupportedInterfaceOrientations_iPhone = "UIInterfaceOrientationPortrait UIInterfaceOrientationLandscapeLeft UIInterfaceOrientationLandscapeRight";
				LD_RUNPATH_SEARCH_PATHS = (
					"$(inherited)",
					"@executable_path/Frameworks",
				);
				MARKETING_VERSION = 1.0;
				PRODUCT_BUNDLE_IDENTIFIER = com.Luiggy102.GamingApp;
				PRODUCT_NAME = "$(TARGET_NAME)";
				SWIFT_EMIT_LOC_STRINGS = YES;
				SWIFT_VERSION = 5.0;
				TARGETED_DEVICE_FAMILY = 1;
			};
			name = Release;
		};
/* End XCBuildConfiguration section */

/* Begin XCConfigurationList section */
		84E8018027DA68A4003A7475 /* Build configuration list for PBXProject "GamingApp" */ = {
			isa = XCConfigurationList;
			buildConfigurations = (
				84E8019127DA68A5003A7475 /* Debug */,
				84E8019227DA68A5003A7475 /* Release */,
			);
			defaultConfigurationIsVisible = 0;
			defaultConfigurationName = Release;
		};
		84E8019327DA68A5003A7475 /* Build configuration list for PBXNativeTarget "GamingApp" */ = {
			isa = XCConfigurationList;
			buildConfigurations = (
				84E8019427DA68A5003A7475 /* Debug */,
				84E8019527DA68A5003A7475 /* Release */,
			);
			defaultConfigurationIsVisible = 0;
			defaultConfigurationName = Release;
		};
/* End XCConfigurationList section */
	};
	rootObject = 84E8017D27DA68A4003A7475 /* Project object */;
}
